
Microsoft Visual Studio Solution File, Format Version 12.00
# Visual Studio 14
VisualStudioVersion = 14.0.25420.1
MinimumVisualStudioVersion = 10.0.40219.1
Project("{FAE04EC0-301F-11D3-BF4B-00C04F79EFBC}") = "DiskPizza.WebUI", "DiskPizza.WebUI\DiskPizza.WebUI.csproj", "{A575998A-FB84-44B8-8452-E2AABC191A49}"
EndProject
Project("{FAE04EC0-301F-11D3-BF4B-00C04F79EFBC}") = "DiskPizza.Models", "DiskPizza.Models\DiskPizza.Models.csproj", "{CE06E2C8-11EE-4E78-89F9-09F32EF04BE0}"
EndProject
Project("{FAE04EC0-301F-11D3-BF4B-00C04F79EFBC}") = "DiskPizza.DataAccess", "DiskPizza.DataAccess\DiskPizza.DataAccess.csproj", "{1AD0F8D3-7177-4CE8-8C20-19F50AA1C17C}"
EndProject
Global
	GlobalSection(SolutionConfigurationPlatforms) = preSolution
		Debug|Any CPU = Debug|Any CPU
		Release|Any CPU = Release|Any CPU
	EndGlobalSection
	GlobalSection(ProjectConfigurationPlatforms) = postSolution
		{A575998A-FB84-44B8-8452-E2AABC191A49}.Debug|Any CPU.ActiveCfg = Debug|Any CPU
		{A575998A-FB84-44B8-8452-E2AABC191A49}.Debug|Any CPU.Build.0 = Debug|Any CPU
		{A575998A-FB84-44B8-8452-E2AABC191A49}.Release|Any CPU.ActiveCfg = Release|Any CPU
		{A575998A-FB84-44B8-8452-E2AABC191A49}.Release|Any CPU.Build.0 = Release|Any CPU
		{CE06E2C8-11EE-4E78-89F9-09F32EF04BE0}.Debug|Any CPU.ActiveCfg = Debug|Any CPU
		{CE06E2C8-11EE-4E78-89F9-09F32EF04BE0}.Debug|Any CPU.Build.0 = Debug|Any CPU
		{CE06E2C8-11EE-4E78-89F9-09F32EF04BE0}.Release|Any CPU.ActiveCfg = Release|Any CPU
		{CE06E2C8-11EE-4E78-89F9-09F32EF04BE0}.Release|Any CPU.Build.0 = Release|Any CPU
		{1AD0F8D3-7177-4CE8-8C20-19F50AA1C17C}.Debug|Any CPU.ActiveCfg = Debug|Any CPU
		{1AD0F8D3-7177-4CE8-8C20-19F50AA1C17C}.Debug|Any CPU.Build.0 = Debug|Any CPU
		{1AD0F8D3-7177-4CE8-8C20-19F50AA1C17C}.Release|Any CPU.ActiveCfg = Release|Any CPU
		{1AD0F8D3-7177-4CE8-8C20-19F50AA1C17C}.Release|Any CPU.Build.0 = Release|Any CPU
	EndGlobalSection
	GlobalSection(SolutionProperties) = preSolution
		HideSolutionNode = FALSE
	EndGlobalSection
EndGlobal
